// !$*UTF8*$!
{
	archiveVersion = 1;
	classes = {
	};
	objectVersion = 46;
	objects = {

/* Begin PBXBuildFile section */
		394989DA1BAEF925001ECF08 /* sLList.c in Sources */ = {isa = PBXBuildFile; fileRef = 394989D91BAEF925001ECF08 /* sLList.c */; };
		394989DC1BAEF92D001ECF08 /* sLListPop.c in Sources */ = {isa = PBXBuildFile; fileRef = 394989DB1BAEF92D001ECF08 /* sLListPop.c */; };
		394989DE1BAEF936001ECF08 /* sLListPush.c in Sources */ = {isa = PBXBuildFile; fileRef = 394989DD1BAEF936001ECF08 /* sLListPush.c */; };
/* End PBXBuildFile section */

/* Begin PBXCopyFilesBuildPhase section */
		394989CD1BAEF824001ECF08 /* CopyFiles */ = {
			isa = PBXCopyFilesBuildPhase;
			buildActionMask = 2147483647;
			dstPath = /usr/share/man/man1/;
			dstSubfolderSpec = 0;
			files = (
			);
			runOnlyForDeploymentPostprocessing = 1;
		};
/* End PBXCopyFilesBuildPhase section */

/* Begin PBXFileReference section */
		394989CF1BAEF824001ECF08 /* sLinkedList */ = {isa = PBXFileReference; explicitFileType = "compiled.mach-o.executable"; includeInIndex = 0; path = sLinkedList; sourceTree = BUILT_PRODUCTS_DIR; };
		394989D91BAEF925001ECF08 /* sLList.c */ = {isa = PBXFileReference; fileEncoding = 4; lastKnownFileType = sourcecode.c.c; path = sLList.c; sourceTree = "<group>"; };
		394989DB1BAEF92D001ECF08 /* sLListPop.c */ = {isa = PBXFileReference; fileEncoding = 4; lastKnownFileType = sourcecode.c.c; path = sLListPop.c; sourceTree = "<group>"; };
		394989DD1BAEF936001ECF08 /* sLListPush.c */ = {isa = PBXFileReference; fileEncoding = 4; lastKnownFileType = sourcecode.c.c; path = sLListPush.c; sourceTree = "<group>"; };
		394989DF1BAEFBC1001ECF08 /* libsLList.dylib */ = {isa = PBXFileReference; lastKnownFileType = "compiled.mach-o.dylib"; name = libsLList.dylib; path = sLinkedList/libsLList.dylib; sourceTree = "<group>"; };
/* End PBXFileReference section */

/* Begin PBXFrameworksBuildPhase section */
		394989CC1BAEF824001ECF08 /* Frameworks */ = {
			isa = PBXFrameworksBuildPhase;
			buildActionMask = 2147483647;
			files = (
			);
			runOnlyForDeploymentPostprocessing = 0;
		};
/* End PBXFrameworksBuildPhase section */

/* Begin PBXGroup section */
		394989C61BAEF824001ECF08 = {
			isa = PBXGroup;
			children = (
				394989DF1BAEFBC1001ECF08 /* libsLList.dylib */,
				394989D11BAEF824001ECF08 /* sLinkedList */,
				394989D01BAEF824001ECF08 /* Products */,
			);
			sourceTree = "<group>";
		};
		394989D01BAEF824001ECF08 /* Products */ = {
			isa = PBXGroup;
			children = (
				394989CF1BAEF824001ECF08 /* sLinkedList */,
			);
			name = Products;
			sourceTree = "<group>";
		};
		394989D11BAEF824001ECF08 /* sLinkedList */ = {
			isa = PBXGroup;
			children = (
				394989DB1BAEF92D001ECF08 /* sLListPop.c */,
				394989DD1BAEF936001ECF08 /* sLListPush.c */,
				394989D91BAEF925001ECF08 /* sLList.c */,
			);
			path = sLinkedList;
			sourceTree = "<group>";
		};
/* End PBXGroup section */

/* Begin PBXNativeTarget section */
		394989CE1BAEF824001ECF08 /* sLinkedList */ = {
			isa = PBXNativeTarget;
			buildConfigurationList = 394989D61BAEF824001ECF08 /* Build configuration list for PBXNativeTarget "sLinkedList" */;
			buildPhases = (
				394989CB1BAEF824001ECF08 /* Sources */,
				394989CC1BAEF824001ECF08 /* Frameworks */,
				394989CD1BAEF824001ECF08 /* CopyFiles */,
			);
			buildRules = (
			);
			dependencies = (
			);
			name = sLinkedList;
			productName = sLinkedList;
			productReference = 394989CF1BAEF824001ECF08 /* sLinkedList */;
			productType = "com.apple.product-type.tool";
		};
/* End PBXNativeTarget section */

/* Begin PBXProject section */
		394989C71BAEF824001ECF08 /* Project object */ = {
			isa = PBXProject;
			attributes = {
				LastUpgradeCheck = 0640;
				ORGANIZATIONNAME = Anu;
				TargetAttributes = {
					394989CE1BAEF824001ECF08 = {
						CreatedOnToolsVersion = 6.4;
					};
				};
			};
			buildConfigurationList = 394989CA1BAEF824001ECF08 /* Build configuration list for PBXProject "sLinkedList" */;
			compatibilityVersion = "Xcode 3.2";
			developmentRegion = English;
			hasScannedForEncodings = 0;
			knownRegions = (
				en,
			);
			mainGroup = 394989C61BAEF824001ECF08;
			productRefGroup = 394989D01BAEF824001ECF08 /* Products */;
			projectDirPath = "";
			projectRoot = "";
			targets = (
				394989CE1BAEF824001ECF08 /* sLinkedList */,
			);
		};
/* End PBXProject section */

/* Begin PBXSourcesBuildPhase section */
		394989CB1BAEF824001ECF08 /* Sources */ = {
			isa = PBXSourcesBuildPhase;
			buildActionMask = 2147483647;
			files = (
				394989DE1BAEF936001ECF08 /* sLListPush.c in Sources */,
				394989DA1BAEF925001ECF08 /* sLList.c in Sources */,
				394989DC1BAEF92D001ECF08 /* sLListPop.c in Sources */,
			);
			runOnlyForDeploymentPostprocessing = 0;
		};
/* End PBXSourcesBuildPhase section */

/* Begin XCBuildConfiguration section */
		394989D41BAEF824001ECF08 /* Debug */ = {
			isa = XCBuildConfiguration;
			buildSettings = {
				ALWAYS_SEARCH_USER_PATHS = NO;
				CLANG_CXX_LANGUAGE_STANDARD = "gnu++0x";
				CLANG_CXX_LIBRARY = "libc++";
				CLANG_ENABLE_MODULES = YES;
				CLANG_ENABLE_OBJC_ARC = YES;
				CLANG_WARN_BOOL_CONVERSION = YES;
				CLANG_WARN_CONSTANT_CONVERSION = YES;
				CLANG_WARN_DIRECT_OBJC_ISA_USAGE = YES_ERROR;
				CLANG_WARN_EMPTY_BODY = YES;
				CLANG_WARN_ENUM_CONVERSION = YES;
				CLANG_WARN_INT_CONVERSION = YES;
				CLANG_WARN_OBJC_ROOT_CLASS = YES_ERROR;
				CLANG_WARN_UNREACHABLE_CODE = YES;
				CLANG_WARN__DUPLICATE_METHOD_MATCH = YES;
				COPY_PHASE_STRIP = NO;
				DEBUG_INFORMATION_FORMAT = dwarf;
				ENABLE_STRICT_OBJC_MSGSEND = YES;
				GCC_C_LANGUAGE_STANDARD = gnu99;
				GCC_DYNAMIC_NO_PIC = NO;
				GCC_NO_COMMON_BLOCKS = YES;
				GCC_OPTIMIZATION_LEVEL = 0;
				GCC_PREPROCESSOR_DEFINITIONS = (
					"DEBUG=1",
					"$(inherited)",
				);
				GCC_SYMBOLS_PRIVATE_EXTERN = NO;
				GCC_WARN_64_TO_32_BIT_CONVERSION = YES;
				GCC_WARN_ABOUT_RETURN_TYPE = YES_ERROR;
				GCC_WARN_UNDECLARED_SELECTOR = YES;
				GCC_WARN_UNINITIALIZED_AUTOS = YES_AGGRESSIVE;
				GCC_WARN_UNUSED_FUNCTION = YES;
				GCC_WARN_UNUSED_VARIABLE = YES;
				MACOSX_DEPLOYMENT_TARGET = 10.10;
				MTL_ENABLE_DEBUG_INFO = YES;
				ONLY_ACTIVE_ARCH = YES;
				SDKROOT = macosx;
			};
			name = Debug;
		};
		394989D51BAEF824001ECF08 /* Release */ = {
			isa = XCBuildConfiguration;
			buildSettings = {
				ALWAYS_SEARCH_USER_PATHS = NO;
				CLANG_CXX_LANGUAGE_STANDARD = "gnu++0x";
				CLANG_CXX_LIBRARY = "libc++";
				CLANG_ENABLE_MODULES = YES;
				CLANG_ENABLE_OBJC_ARC = YES;
				CLANG_WARN_BOOL_CONVERSION = YES;
				CLANG_WARN_CONSTANT_CONVERSION = YES;
				CLANG_WARN_DIRECT_OBJC_ISA_USAGE = YES_ERROR;
				CLANG_WARN_EMPTY_BODY = YES;
				CLANG_WARN_ENUM_CONVERSION = YES;
				CLANG_WARN_INT_CONVERSION = YES;
				CLANG_WARN_OBJC_ROOT_CLASS = YES_ERROR;
				CLANG_WARN_UNREACHABLE_CODE = YES;
				CLANG_WARN__DUPLICATE_METHOD_MATCH = YES;
				COPY_PHASE_STRIP = NO;
				DEBUG_INFORMATION_FORMAT = "dwarf-with-dsym";
				ENABLE_NS_ASSERTIONS = NO;
				ENABLE_STRICT_OBJC_MSGSEND = YES;
				GCC_C_LANGUAGE_STANDARD = gnu99;
				GCC_NO_COMMON_BLOCKS = YES;
				GCC_WARN_64_TO_32_BIT_CONVERSION = YES;
				GCC_WARN_ABOUT_RETURN_TYPE = YES_ERROR;
				GCC_WARN_UNDECLARED_SELECTOR = YES;
				GCC_WARN_UNINITIALIZED_AUTOS = YES_AGGRESSIVE;
				GCC_WARN_UNUSED_FUNCTION = YES;
				GCC_WARN_UNUSED_VARIABLE = YES;
				MACOSX_DEPLOYMENT_TARGET = 10.10;
				MTL_ENABLE_DEBUG_INFO = NO;
				SDKROOT = macosx;
			};
			name = Release;
		};
		394989D71BAEF824001ECF08 /* Debug */ = {
			isa = XCBuildConfiguration;
			buildSettings = {
				LIBRARY_SEARCH_PATHS = /usr/lib;
				PRODUCT_NAME = "$(TARGET_NAME)";
			};
			name = Debug;
		};
		394989D81BAEF824001ECF08 /* Release */ = {
			isa = XCBuildConfiguration;
			buildSettings = {
				LIBRARY_SEARCH_PATHS = /usr/lib;
				PRODUCT_NAME = "$(TARGET_NAME)";
			};
			name = Release;
		};
/* End XCBuildConfiguration section */

/* Begin XCConfigurationList section */
		394989CA1BAEF824001ECF08 /* Build configuration list for PBXProject "sLinkedList" */ = {
			isa = XCConfigurationList;
			buildConfigurations = (
				394989D41BAEF824001ECF08 /* Debug */,
				394989D51BAEF824001ECF08 /* Release */,
			);
			defaultConfigurationIsVisible = 0;
			defaultConfigurationName = Release;
		};
		394989D61BAEF824001ECF08 /* Build configuration list for PBXNativeTarget "sLinkedList" */ = {
			isa = XCConfigurationList;
			buildConfigurations = (
				394989D71BAEF824001ECF08 /* Debug */,
				394989D81BAEF824001ECF08 /* Release */,
			);
			defaultConfigurationIsVisible = 0;
			defaultConfigurationName = Release;
		};
/* End XCConfigurationList section */
	};
	rootObject = 394989C71BAEF824001ECF08 /* Project object */;
}
